#
# This file is autogenerated by pip-compile with Python 3.13
# by the following command:
#
#    pip-compile --strip-extras --output-file=requirements.lock requirements.txt
#
amqp==5.3.1
    # via kombu
ansi2html @ git+https://github.com/DMOJ/ansi2html.git
    # via -r requirements.txt
asgiref==3.12.1
    # via
    #   django
    #   social-auth-app-django
billiard==4.2.4
    # via celery
bleach[css]==6.4.0
    # via -r requirements.txt
boto3==1.43.62
    # via
    #   -r requirements.txt
    #   django-storages
botocore==1.43.62
    # via
    #   boto3
    #   s3transfer
cbor2==6.1.4
    # via webauthn
celery==5.6.3
    # via -r requirements.txt
certifi==2026.7.22
    # via requests
cffi==2.1.0
    # via cryptography
charset-normalizer==3.4.9
    # via requests
click==8.4.2
    # via
    #   celery
    #   click-didyoumean
    #   click-plugins
    #   click-repl
click-didyoumean==0.3.1
    # via celery
click-plugins==1.1.1.2
    # via celery
click-repl==0.3.0
    # via celery
cryptography==50.0.0
    # via
    #   django-fernet-fields
    #   pyjwt
    #   pyopenssl
    #   social-auth-core
    #   webauthn
defusedxml==0.7.1
    # via
    #   python3-openid
    #   social-auth-core
discord-webhook==1.4.1
    # via -r requirements.txt
django==5.2.16
    # via
    #   -r requirements.txt
    #   django-admin-sortable2
    #   django-appconf
    #   django-compressor
    #   django-fernet-fields
    #   django-jinja
    #   django-js-asset
    #   django-redis
    #   django-reversion
    #   django-statici18n
    #   django-storages
    #   jsonfield
    #   social-auth-app-django
django-admin-sortable2==2.3.1
    # via -r requirements.txt
django-appconf==1.2.0
    # via
    #   django-compressor
    #   django-statici18n
django-cleanup==9.0.0
    # via -r requirements.txt
django-compressor==4.6.0
    # via -r requirements.txt
django-fernet-fields @ git+https://github.com/DMOJ/django-fernet-fields.git
    # via -r requirements.txt
django-impersonate==1.9.5
    # via -r requirements.txt
django-jinja==2.11.0
    # via -r requirements.txt
django-js-asset==4.0.1
    # via django-mptt
django-mptt==0.18.0
    # via -r requirements.txt
django-redis==7.0.0
    # via -r requirements.txt
django-registration-redux==2.13
    # via -r requirements.txt
django-reversion==6.3.0
    # via -r requirements.txt
django-social-share==2.3.0
    # via -r requirements.txt
django-sortedm2m==4.0.0
    # via -r requirements.txt
django-statici18n==2.7.1
    # via -r requirements.txt
django-storages[boto3]==1.14.6
    # via -r requirements.txt
dmoj-wpadmin @ git+https://github.com/DMOJ/dmoj-wpadmin.git
    # via -r requirements.txt
future==1.0.0
    # via webauthn
icalendar==7.2.2
    # via -r requirements.txt
idna==3.18
    # via requests
importlib-metadata==4.13.0
    # via -r requirements.txt
jinja2==3.1.6
    # via
    #   -r requirements.txt
    #   django-jinja
jmespath==1.1.0
    # via
    #   boto3
    #   botocore
jsonfield @ git+https://github.com/DMOJ/jsonfield.git
    # via -r requirements.txt
kombu==5.6.2
    # via celery
llist==0.7.1
    # via -r requirements.txt
lupa==2.8
    # via -r requirements.txt
lxml==6.1.1
    # via
    #   -r requirements.txt
    #   lxml-html-clean
lxml-html-clean==0.4.5
    # via -r requirements.txt
markdown-it-py==3.0.0
    # via -r requirements.txt
markupsafe==3.0.3
    # via jinja2
mdurl==0.1.2
    # via markdown-it-py
mistune==3.3.4
    # via -r requirements.txt
mysqlclient==2.2.8
    # via -r requirements.txt
netaddr==1.3.0
    # via -r requirements.txt
oauthlib==3.3.1
    # via
    #   requests-oauthlib
    #   social-auth-core
packaging==26.2
    # via
    #   -r requirements.txt
    #   kombu
pika==1.4.2
    # via -r requirements.txt
pillow==12.3.0
    # via qrcode
prompt-toolkit==3.0.53
    # via click-repl
pycparser==3.0
    # via cffi
pygments==2.20.0
    # via -r requirements.txt
pyjwt[crypto]==2.13.0
    # via
    #   pyjwt
    #   social-auth-core
pymoss==0.2
    # via -r requirements.txt
pyopenssl==26.4.0
    # via webauthn
pyotp==2.10.0
    # via -r requirements.txt
python-dateutil==2.9.0.post0
    # via
    #   botocore
    #   celery
    #   icalendar
python3-openid==3.2.0
    # via social-auth-core
pytz==2026.3.post1
    # via -r requirements.txt
pyyaml==6.0.3
    # via -r requirements.txt
qrcode[pil]==8.2
    # via -r requirements.txt
rcssmin==1.2.2
    # via django-compressor
redis==8.1.0
    # via django-redis
requests==2.34.2
    # via
    #   -r requirements.txt
    #   discord-webhook
    #   requests-oauthlib
    #   social-auth-core
requests-oauthlib==2.0.0
    # via social-auth-core
rjsmin==1.2.5
    # via django-compressor
s3transfer==0.19.2
    # via boto3
setuptools==83.0.0
    # via -r requirements.txt
six==1.17.0
    # via
    #   python-dateutil
    #   webauthn
social-auth-app-django==6.0.1
    # via -r requirements.txt
social-auth-core==5.0.2
    # via
    #   -r requirements.txt
    #   social-auth-app-django
sqlparse==0.5.5
    # via
    #   -r requirements.txt
    #   django
tinycss2==1.5.1
    # via bleach
tzdata==2026.3
    # via
    #   icalendar
    #   kombu
tzlocal==5.4.4
    # via celery
ua-parser==1.0.2
    # via -r requirements.txt
ua-parser-builtins==202606
    # via ua-parser
urllib3==2.7.0
    # via
    #   botocore
    #   requests
vine==5.1.0
    # via
    #   amqp
    #   celery
    #   kombu
wcwidth==0.8.2
    # via prompt-toolkit
webauthn==0.4.7
    # via -r requirements.txt
webencodings==0.5.1
    # via
    #   bleach
    #   tinycss2
websocket-client==1.9.0
    # via -r requirements.txt
zipp==4.1.0
    # via importlib-metadata
